{
  "name": "kafka-playground",
  "version": "1.0.0",
  "lockfileVersion": 1,
  "requires": true,
  "dependencies": {
    "bindings": {
      "version": "1.5.0",
      "resolved": "https://schipholiot.jfrog.io/schipholiot/api/npm/nl.schiphol.iot.npm/bindings/-/bindings-1.5.0.tgz",
      "integrity": "sha1-EDU8npRTNLwFEabZCzj7x8nFBN8=",
      "requires": {
        "file-uri-to-path": "1.0.0"
      }
    },
    "file-uri-to-path": {
      "version": "1.0.0",
      "resolved": "https://schipholiot.jfrog.io/schipholiot/api/npm/nl.schiphol.iot.npm/file-uri-to-path/-/file-uri-to-path-1.0.0.tgz",
      "integrity": "sha1-VTp7hEb/b2hDWcRF8eN6BdrMM90="
    },
    "kafkajs": {
      "version": "1.12.0",
      "resolved": "https://schipholiot.jfrog.io/schipholiot/api/npm/nl.schiphol.iot.npm/kafkajs/-/kafkajs-1.12.0.tgz",
      "integrity": "sha1-UK0za67pXzMkr4ro32+tyW4HxhM=",
      "requires": {
        "long": "^4.0.0"
      }
    },
    "long": {
      "version": "4.0.0",
      "resolved": "https://schipholiot.jfrog.io/schipholiot/api/npm/nl.schiphol.iot.npm/long/-/long-4.0.0.tgz",
      "integrity": "sha1-mntxz7fTYaGU6lVSQckvdGjVvyg="
    },
    "nan": {
      "version": "2.14.0",
      "resolved": "https://schipholiot.jfrog.io/schipholiot/api/npm/nl.schiphol.iot.npm/nan/-/nan-2.14.0.tgz",
      "integrity": "sha1-eBj3IgJ7JFmobwKV1DTR/CM2xSw="
    },
    "node-rdkafka": {
      "version": "2.7.4",
      "resolved": "https://schipholiot.jfrog.io/schipholiot/api/npm/nl.schiphol.iot.npm/node-rdkafka/-/node-rdkafka-2.7.4.tgz",
      "integrity": "sha1-t3f1up3QhXjG8dT+WNUfPBM3JBM=",
      "requires": {
        "bindings": "^1.3.1",
        "nan": "^2.14.0"
      }
    }
  }
}
